
Microsoft Visual Studio Solution File, Format Version 12.00
# Visual Studio Version 17
VisualStudioVersion = 17.12.35514.174 d17.12
MinimumVisualStudioVersion = 10.0.40219.1
Project("{FAE04EC0-301F-11D3-BF4B-00C04F79EFBC}") = "FirstDemo.Web", "FirstDemo.Web\FirstDemo.Web.csproj", "{048E44E7-6C88-477B-B3AA-7916304B294B}"
EndProject
Global
	GlobalSection(SolutionConfigurationPlatforms) = preSolution
		Debug|Any CPU = Debug|Any CPU
		Release|Any CPU = Release|Any CPU
	EndGlobalSection
	GlobalSection(ProjectConfigurationPlatforms) = postSolution
		{048E44E7-6C88-477B-B3AA-7916304B294B}.Debug|Any CPU.ActiveCfg = Debug|Any CPU
		{048E44E7-6C88-477B-B3AA-7916304B294B}.Debug|Any CPU.Build.0 = Debug|Any CPU
		{048E44E7-6C88-477B-B3AA-7916304B294B}.Release|Any CPU.ActiveCfg = Release|Any CPU
		{048E44E7-6C88-477B-B3AA-7916304B294B}.Release|Any CPU.Build.0 = Release|Any CPU
	EndGlobalSection
	GlobalSection(SolutionProperties) = preSolution
		HideSolutionNode = FALSE
	EndGlobalSection
EndGlobal
